
Microsoft Visual Studio Solution File, Format Version 12.00
# Visual Studio Version 17
VisualStudioVersion = 17.4.33403.182
MinimumVisualStudioVersion = 10.0.40219.1
Project("{FAE04EC0-301F-11D3-BF4B-00C04F79EFBC}") = "RepoPatternSports", "RepoPatternSports\RepoPatternSports.csproj", "{B359BC1A-90B2-42C1-BAB1-9106F93A9DAD}"
EndProject
Project("{FAE04EC0-301F-11D3-BF4B-00C04F79EFBC}") = "RepoPatternSports.Service", "RepoPatternSports.Service\RepoPatternSports.Service.csproj", "{CF1D4D91-871D-42C7-9C7D-1155844D92E3}"
EndProject
Project("{FAE04EC0-301F-11D3-BF4B-00C04F79EFBC}") = "RepoPatternSports.Repository", "RepoPatternSports.Repository\RepoPatternSports.Repository.csproj", "{908D3AD4-A736-4AF9-B4A9-7498EE6B4E97}"
EndProject
Global
	GlobalSection(SolutionConfigurationPlatforms) = preSolution
		Debug|Any CPU = Debug|Any CPU
		Release|Any CPU = Release|Any CPU
	EndGlobalSection
	GlobalSection(ProjectConfigurationPlatforms) = postSolution
		{B359BC1A-90B2-42C1-BAB1-9106F93A9DAD}.Debug|Any CPU.ActiveCfg = Debug|Any CPU
		{B359BC1A-90B2-42C1-BAB1-9106F93A9DAD}.Debug|Any CPU.Build.0 = Debug|Any CPU
		{B359BC1A-90B2-42C1-BAB1-9106F93A9DAD}.Release|Any CPU.ActiveCfg = Release|Any CPU
		{B359BC1A-90B2-42C1-BAB1-9106F93A9DAD}.Release|Any CPU.Build.0 = Release|Any CPU
		{CF1D4D91-871D-42C7-9C7D-1155844D92E3}.Debug|Any CPU.ActiveCfg = Debug|Any CPU
		{CF1D4D91-871D-42C7-9C7D-1155844D92E3}.Debug|Any CPU.Build.0 = Debug|Any CPU
		{CF1D4D91-871D-42C7-9C7D-1155844D92E3}.Release|Any CPU.ActiveCfg = Release|Any CPU
		{CF1D4D91-871D-42C7-9C7D-1155844D92E3}.Release|Any CPU.Build.0 = Release|Any CPU
		{908D3AD4-A736-4AF9-B4A9-7498EE6B4E97}.Debug|Any CPU.ActiveCfg = Debug|Any CPU
		{908D3AD4-A736-4AF9-B4A9-7498EE6B4E97}.Debug|Any CPU.Build.0 = Debug|Any CPU
		{908D3AD4-A736-4AF9-B4A9-7498EE6B4E97}.Release|Any CPU.ActiveCfg = Release|Any CPU
		{908D3AD4-A736-4AF9-B4A9-7498EE6B4E97}.Release|Any CPU.Build.0 = Release|Any CPU
	EndGlobalSection
	GlobalSection(SolutionProperties) = preSolution
		HideSolutionNode = FALSE
	EndGlobalSection
	GlobalSection(ExtensibilityGlobals) = postSolution
		SolutionGuid = {D32B4563-8F01-487F-B206-7B4164D9083F}
	EndGlobalSection
EndGlobal
